{
  "name": "worktree-proof",
  "version": "0.2.0",
  "lockfileVersion": 3,
  "requires": true,
  "packages": {
    "": {
      "name": "worktree-proof",
      "version": "0.2.0",
      "license": "Apache-2.0",
      "bin": {
        "worktree-proof": "bin/worktree-proof.js",
        "worktree-proof-mcp": "bin/worktree-proof-mcp.js"
      },
      "engines": {
        "node": ">=20"
      }
    }
  }
}
